
Microsoft Visual Studio Solution File, Format Version 12.00
# Visual Studio 15
VisualStudioVersion = 15.0.28010.2003
MinimumVisualStudioVersion = 10.0.40219.1
Project("{FAE04EC0-301F-11D3-BF4B-00C04F79EFBC}") = "MyFavoriteThings", "MyFavoriteThings\MyFavoriteThings.csproj", "{B45332BD-9559-4986-946B-A6F5DA4CDE17}"
EndProject
Global
	GlobalSection(SolutionConfigurationPlatforms) = preSolution
		Debug|Any CPU = Debug|Any CPU
		Release|Any CPU = Release|Any CPU
	EndGlobalSection
	GlobalSection(ProjectConfigurationPlatforms) = postSolution
		{B45332BD-9559-4986-946B-A6F5DA4CDE17}.Debug|Any CPU.ActiveCfg = Debug|Any CPU
		{B45332BD-9559-4986-946B-A6F5DA4CDE17}.Debug|Any CPU.Build.0 = Debug|Any CPU
		{B45332BD-9559-4986-946B-A6F5DA4CDE17}.Release|Any CPU.ActiveCfg = Release|Any CPU
		{B45332BD-9559-4986-946B-A6F5DA4CDE17}.Release|Any CPU.Build.0 = Release|Any CPU
	EndGlobalSection
	GlobalSection(SolutionProperties) = preSolution
		HideSolutionNode = FALSE
	EndGlobalSection
	GlobalSection(ExtensibilityGlobals) = postSolution
		SolutionGuid = {081C20EE-03CF-404C-96F0-C18E18D7567D}
	EndGlobalSection
EndGlobal
